
Microsoft Visual Studio Solution File, Format Version 12.00
# Visual Studio Version 16
VisualStudioVersion = 16.0.30517.126
MinimumVisualStudioVersion = 10.0.40219.1
Project("{FAE04EC0-301F-11D3-BF4B-00C04F79EFBC}") = "DataAccess", "DataAccess\DataAccess.csproj", "{0C82103E-3E82-4E93-AC7D-B47A46FC1CDA}"
EndProject
Project("{FAE04EC0-301F-11D3-BF4B-00C04F79EFBC}") = "Business", "Business\Business.csproj", "{60877898-7CA2-4A69-8572-E16B23A5F4EC}"
EndProject
Project("{FAE04EC0-301F-11D3-BF4B-00C04F79EFBC}") = "Entities", "Entities\Entities.csproj", "{A30C9889-2EE8-4B67-A1F5-ACC8CF474B2A}"
EndProject
Project("{FAE04EC0-301F-11D3-BF4B-00C04F79EFBC}") = "ConsoleUI", "ConsoleUI\ConsoleUI.csproj", "{27ADF652-F640-4018-AADF-022AE69C7F3A}"
EndProject
Global
	GlobalSection(SolutionConfigurationPlatforms) = preSolution
		Debug|Any CPU = Debug|Any CPU
		Release|Any CPU = Release|Any CPU
	EndGlobalSection
	GlobalSection(ProjectConfigurationPlatforms) = postSolution
		{0C82103E-3E82-4E93-AC7D-B47A46FC1CDA}.Debug|Any CPU.ActiveCfg = Debug|Any CPU
		{0C82103E-3E82-4E93-AC7D-B47A46FC1CDA}.Debug|Any CPU.Build.0 = Debug|Any CPU
		{0C82103E-3E82-4E93-AC7D-B47A46FC1CDA}.Release|Any CPU.ActiveCfg = Release|Any CPU
		{0C82103E-3E82-4E93-AC7D-B47A46FC1CDA}.Release|Any CPU.Build.0 = Release|Any CPU
		{60877898-7CA2-4A69-8572-E16B23A5F4EC}.Debug|Any CPU.ActiveCfg = Debug|Any CPU
		{60877898-7CA2-4A69-8572-E16B23A5F4EC}.Debug|Any CPU.Build.0 = Debug|Any CPU
		{60877898-7CA2-4A69-8572-E16B23A5F4EC}.Release|Any CPU.ActiveCfg = Release|Any CPU
		{60877898-7CA2-4A69-8572-E16B23A5F4EC}.Release|Any CPU.Build.0 = Release|Any CPU
		{A30C9889-2EE8-4B67-A1F5-ACC8CF474B2A}.Debug|Any CPU.ActiveCfg = Debug|Any CPU
		{A30C9889-2EE8-4B67-A1F5-ACC8CF474B2A}.Debug|Any CPU.Build.0 = Debug|Any CPU
		{A30C9889-2EE8-4B67-A1F5-ACC8CF474B2A}.Release|Any CPU.ActiveCfg = Release|Any CPU
		{A30C9889-2EE8-4B67-A1F5-ACC8CF474B2A}.Release|Any CPU.Build.0 = Release|Any CPU
		{27ADF652-F640-4018-AADF-022AE69C7F3A}.Debug|Any CPU.ActiveCfg = Debug|Any CPU
		{27ADF652-F640-4018-AADF-022AE69C7F3A}.Debug|Any CPU.Build.0 = Debug|Any CPU
		{27ADF652-F640-4018-AADF-022AE69C7F3A}.Release|Any CPU.ActiveCfg = Release|Any CPU
		{27ADF652-F640-4018-AADF-022AE69C7F3A}.Release|Any CPU.Build.0 = Release|Any CPU
	EndGlobalSection
	GlobalSection(SolutionProperties) = preSolution
		HideSolutionNode = FALSE
	EndGlobalSection
	GlobalSection(ExtensibilityGlobals) = postSolution
		SolutionGuid = {F8926D80-BFD0-46E5-BDA6-D9AC991CAEB8}
	EndGlobalSection
EndGlobal
